
Microsoft Visual Studio Solution File, Format Version 12.00
# Visual Studio 2012
Project("{FAE04EC0-301F-11D3-BF4B-00C04F79EFBC}") = "afdsl.BusinessLayer", "afdsl.BusinessLayer\afdsl.BusinessLayer.csproj", "{C731188B-A50D-4812-8997-653084696788}"
EndProject
Project("{FAE04EC0-301F-11D3-BF4B-00C04F79EFBC}") = "afdsl.DataLayer", "afdsl.DataLayer\afdsl.DataLayer.csproj", "{D8EB94C2-69E5-4B25-B75B-55AC035219B2}"
EndProject
Project("{FAE04EC0-301F-11D3-BF4B-00C04F79EFBC}") = "afdsl_Web_Application", "afdsl_Web_Application\afdsl_Web_Application.csproj", "{88D6DE35-7B1E-4342-98AD-FB2939E16DF5}"
EndProject
Global
	GlobalSection(TeamFoundationVersionControl) = preSolution
		SccNumberOfProjects = 4
		SccEnterpriseProvider = {4CA58AB2-18FA-4F8D-95D4-32DDF27D184C}
		SccTeamFoundationServer = https://chriscosgrove.visualstudio.com/defaultcollection
		SccLocalPath0 = .
		SccProjectUniqueName1 = afdsl.BusinessLayer\\afdsl.BusinessLayer.csproj
		SccProjectName1 = afdsl.BusinessLayer
		SccLocalPath1 = afdsl.BusinessLayer
		SccProjectUniqueName2 = afdsl.DataLayer\\afdsl.DataLayer.csproj
		SccProjectName2 = afdsl.DataLayer
		SccLocalPath2 = afdsl.DataLayer
		SccProjectUniqueName3 = afdsl_Web_Application\\afdsl_Web_Application.csproj
		SccProjectName3 = afdsl_Web_Application
		SccLocalPath3 = afdsl_Web_Application
	EndGlobalSection
	GlobalSection(SolutionConfigurationPlatforms) = preSolution
		Debug|Any CPU = Debug|Any CPU
		Release|Any CPU = Release|Any CPU
	EndGlobalSection
	GlobalSection(ProjectConfigurationPlatforms) = postSolution
		{C731188B-A50D-4812-8997-653084696788}.Debug|Any CPU.ActiveCfg = Debug|Any CPU
		{C731188B-A50D-4812-8997-653084696788}.Debug|Any CPU.Build.0 = Debug|Any CPU
		{C731188B-A50D-4812-8997-653084696788}.Release|Any CPU.ActiveCfg = Release|Any CPU
		{C731188B-A50D-4812-8997-653084696788}.Release|Any CPU.Build.0 = Release|Any CPU
		{D8EB94C2-69E5-4B25-B75B-55AC035219B2}.Debug|Any CPU.ActiveCfg = Debug|Any CPU
		{D8EB94C2-69E5-4B25-B75B-55AC035219B2}.Debug|Any CPU.Build.0 = Debug|Any CPU
		{D8EB94C2-69E5-4B25-B75B-55AC035219B2}.Release|Any CPU.ActiveCfg = Release|Any CPU
		{D8EB94C2-69E5-4B25-B75B-55AC035219B2}.Release|Any CPU.Build.0 = Release|Any CPU
		{88D6DE35-7B1E-4342-98AD-FB2939E16DF5}.Debug|Any CPU.ActiveCfg = Debug|Any CPU
		{88D6DE35-7B1E-4342-98AD-FB2939E16DF5}.Debug|Any CPU.Build.0 = Debug|Any CPU
		{88D6DE35-7B1E-4342-98AD-FB2939E16DF5}.Release|Any CPU.ActiveCfg = Release|Any CPU
		{88D6DE35-7B1E-4342-98AD-FB2939E16DF5}.Release|Any CPU.Build.0 = Release|Any CPU
	EndGlobalSection
	GlobalSection(SolutionProperties) = preSolution
		HideSolutionNode = FALSE
	EndGlobalSection
EndGlobal
